Microsoft Visual Studio Solution File, Format Version 12.00
# Visual Studio Version 17
VisualStudioVersion = 17.5.2.0
MinimumVisualStudioVersion = 10.0.40219.1
Project("{FAE04EC0-301F-11D3-BF4B-00C04F79EFBC}") = "azure-webapps-asp-net9-razor", "azure-webapps-asp-net9-razor.csproj", "{084D3CBD-41D3-7901-1936-56E0842BA28D}"
EndProject
Global
	GlobalSection(SolutionConfigurationPlatforms) = preSolution
		Debug|Any CPU = Debug|Any CPU
		Release|Any CPU = Release|Any CPU
	EndGlobalSection
	GlobalSection(ProjectConfigurationPlatforms) = postSolution
		{084D3CBD-41D3-7901-1936-56E0842BA28D}.Debug|Any CPU.ActiveCfg = Debug|Any CPU
		{084D3CBD-41D3-7901-1936-56E0842BA28D}.Debug|Any CPU.Build.0 = Debug|Any CPU
		{084D3CBD-41D3-7901-1936-56E0842BA28D}.Release|Any CPU.ActiveCfg = Release|Any CPU
		{084D3CBD-41D3-7901-1936-56E0842BA28D}.Release|Any CPU.Build.0 = Release|Any CPU
	EndGlobalSection
	GlobalSection(SolutionProperties) = preSolution
		HideSolutionNode = FALSE
	EndGlobalSection
	GlobalSection(ExtensibilityGlobals) = postSolution
		SolutionGuid = {32B55ECA-0AC3-4793-8947-A4881FA47A8C}
	EndGlobalSection
EndGlobal
